{
  "name": "test-repo",
  "version": "beta",
  "lockfileVersion": 3,
  "requires": true,
  "packages": {
    "": {
      "name": "test-repo",
      "version": "beta",
      "license": "ISC",
      "dependencies": {
        "country-flag-icons": "^1.5.7"
      }
    },
    "node_modules/country-flag-icons": {
      "version": "1.5.7",
      "resolved": "https://registry.npmjs.org/country-flag-icons/-/country-flag-icons-1.5.7.tgz",
      "integrity": "sha512-AdvXhMcmSp7nBSkpGfW4qR/luAdRUutJqya9PuwRbsBzuoknThfultbv7Ib6fWsHXC43Es/4QJ8gzQQdBNm75A=="
    }
  }
}
